
Microsoft Visual Studio Solution File, Format Version 12.00
# Visual Studio Version 17
VisualStudioVersion = 17.8.34330.188
MinimumVisualStudioVersion = 10.0.40219.1
Project("{2150E333-8FDC-42A3-9474-1A3956D46DE8}") = "01_Framework", "01_Framework", "{6BCE8110-32B4-47A1-9DBA-013C24DC37F4}"
EndProject
Project("{9A19103F-16F7-4668-BE54-9A1E7A4F7556}") = "brk.Framework.Base", "01_Framework\brk.Framework.Base\brk.Framework.Base.csproj", "{E8FE02C3-1EB7-4A53-A1AC-F9287BBB9E55}"
EndProject
Project("{2150E333-8FDC-42A3-9474-1A3956D46DE8}") = "02_Core", "02_Core", "{FFE57863-4EDD-4D32-9693-D09C932A2E4F}"
EndProject
Project("{9A19103F-16F7-4668-BE54-9A1E7A4F7556}") = "brk.Core.Domain", "02_Core\brk.Core.Domain\brk.Core.Domain.csproj", "{132217A9-1762-4620-9F05-0EAA361AF980}"
EndProject
Project("{9A19103F-16F7-4668-BE54-9A1E7A4F7556}") = "brk.Framework.Tools", "01_Framework\brk.Framwork.Tools\brk.Framework.Tools.csproj", "{35E82DFD-3CEF-4A98-9FC0-57BCF6622212}"
EndProject
Project("{9A19103F-16F7-4668-BE54-9A1E7A4F7556}") = "brk.Core.Application", "02_Core\brk.Core.Application\brk.Core.Application.csproj", "{7231A927-71BA-41BE-B8B2-678691F9265B}"
EndProject
Project("{9A19103F-16F7-4668-BE54-9A1E7A4F7556}") = "brk.Framework.Localization", "01_Framework\brk.Framework.Localization\brk.Framework.Localization.csproj", "{B4E96048-1EFA-443C-96C5-8A9EB1614380}"
EndProject
Project("{2150E333-8FDC-42A3-9474-1A3956D46DE8}") = "03_Infra", "03_Infra", "{5BD32F40-76C1-4582-BED9-9FBF112F93B1}"
EndProject
Project("{9A19103F-16F7-4668-BE54-9A1E7A4F7556}") = "brk.Data.SQL", "03_Infra\brk.Data.SQL\brk.Data.SQL.csproj", "{6A7FC3D2-8F6C-4CD2-91B1-BD75BE26416F}"
EndProject
Project("{2150E333-8FDC-42A3-9474-1A3956D46DE8}") = "04_Endpoints", "04_Endpoints", "{8C1464B9-4AC9-4105-B543-776693CF468C}"
EndProject
Project("{9A19103F-16F7-4668-BE54-9A1E7A4F7556}") = "brk.Endpoints.WebApi", "04_Endpoints\brk.Endpoints.WebApi\brk.Endpoints.WebApi.csproj", "{50408131-5AAF-4F20-A926-EAA203C8CD59}"
EndProject
Project("{9A19103F-16F7-4668-BE54-9A1E7A4F7556}") = "brk.Core.Domain.Test", "02_Core\brk.Core.Domain.Test\brk.Core.Domain.Test.csproj", "{2AFC8F09-C2B2-4FD1-BF73-205BF14ECBCE}"
EndProject
Project("{FAE04EC0-301F-11D3-BF4B-00C04F79EFBC}") = "brk.Core.Application.Test", "02_Core\brk.Core.Application.Test\brk.Core.Application.Test.csproj", "{FE2749CF-6EE9-412C-AF57-9ADBAB4A6E5C}"
EndProject
Global
	GlobalSection(SolutionConfigurationPlatforms) = preSolution
		Debug|Any CPU = Debug|Any CPU
		Release|Any CPU = Release|Any CPU
	EndGlobalSection
	GlobalSection(ProjectConfigurationPlatforms) = postSolution
		{E8FE02C3-1EB7-4A53-A1AC-F9287BBB9E55}.Debug|Any CPU.ActiveCfg = Debug|Any CPU
		{E8FE02C3-1EB7-4A53-A1AC-F9287BBB9E55}.Debug|Any CPU.Build.0 = Debug|Any CPU
		{E8FE02C3-1EB7-4A53-A1AC-F9287BBB9E55}.Release|Any CPU.ActiveCfg = Release|Any CPU
		{E8FE02C3-1EB7-4A53-A1AC-F9287BBB9E55}.Release|Any CPU.Build.0 = Release|Any CPU
		{132217A9-1762-4620-9F05-0EAA361AF980}.Debug|Any CPU.ActiveCfg = Debug|Any CPU
		{132217A9-1762-4620-9F05-0EAA361AF980}.Debug|Any CPU.Build.0 = Debug|Any CPU
		{132217A9-1762-4620-9F05-0EAA361AF980}.Release|Any CPU.ActiveCfg = Release|Any CPU
		{132217A9-1762-4620-9F05-0EAA361AF980}.Release|Any CPU.Build.0 = Release|Any CPU
		{35E82DFD-3CEF-4A98-9FC0-57BCF6622212}.Debug|Any CPU.ActiveCfg = Debug|Any CPU
		{35E82DFD-3CEF-4A98-9FC0-57BCF6622212}.Debug|Any CPU.Build.0 = Debug|Any CPU
		{35E82DFD-3CEF-4A98-9FC0-57BCF6622212}.Release|Any CPU.ActiveCfg = Release|Any CPU
		{35E82DFD-3CEF-4A98-9FC0-57BCF6622212}.Release|Any CPU.Build.0 = Release|Any CPU
		{7231A927-71BA-41BE-B8B2-678691F9265B}.Debug|Any CPU.ActiveCfg = Debug|Any CPU
		{7231A927-71BA-41BE-B8B2-678691F9265B}.Debug|Any CPU.Build.0 = Debug|Any CPU
		{7231A927-71BA-41BE-B8B2-678691F9265B}.Release|Any CPU.ActiveCfg = Release|Any CPU
		{7231A927-71BA-41BE-B8B2-678691F9265B}.Release|Any CPU.Build.0 = Release|Any CPU
		{B4E96048-1EFA-443C-96C5-8A9EB1614380}.Debug|Any CPU.ActiveCfg = Debug|Any CPU
		{B4E96048-1EFA-443C-96C5-8A9EB1614380}.Debug|Any CPU.Build.0 = Debug|Any CPU
		{B4E96048-1EFA-443C-96C5-8A9EB1614380}.Release|Any CPU.ActiveCfg = Release|Any CPU
		{B4E96048-1EFA-443C-96C5-8A9EB1614380}.Release|Any CPU.Build.0 = Release|Any CPU
		{6A7FC3D2-8F6C-4CD2-91B1-BD75BE26416F}.Debug|Any CPU.ActiveCfg = Debug|Any CPU
		{6A7FC3D2-8F6C-4CD2-91B1-BD75BE26416F}.Debug|Any CPU.Build.0 = Debug|Any CPU
		{6A7FC3D2-8F6C-4CD2-91B1-BD75BE26416F}.Release|Any CPU.ActiveCfg = Release|Any CPU
		{6A7FC3D2-8F6C-4CD2-91B1-BD75BE26416F}.Release|Any CPU.Build.0 = Release|Any CPU
		{50408131-5AAF-4F20-A926-EAA203C8CD59}.Debug|Any CPU.ActiveCfg = Debug|Any CPU
		{50408131-5AAF-4F20-A926-EAA203C8CD59}.Debug|Any CPU.Build.0 = Debug|Any CPU
		{50408131-5AAF-4F20-A926-EAA203C8CD59}.Release|Any CPU.ActiveCfg = Release|Any CPU
		{50408131-5AAF-4F20-A926-EAA203C8CD59}.Release|Any CPU.Build.0 = Release|Any CPU
		{2AFC8F09-C2B2-4FD1-BF73-205BF14ECBCE}.Debug|Any CPU.ActiveCfg = Debug|Any CPU
		{2AFC8F09-C2B2-4FD1-BF73-205BF14ECBCE}.Debug|Any CPU.Build.0 = Debug|Any CPU
		{2AFC8F09-C2B2-4FD1-BF73-205BF14ECBCE}.Release|Any CPU.ActiveCfg = Release|Any CPU
		{2AFC8F09-C2B2-4FD1-BF73-205BF14ECBCE}.Release|Any CPU.Build.0 = Release|Any CPU
		{FE2749CF-6EE9-412C-AF57-9ADBAB4A6E5C}.Debug|Any CPU.ActiveCfg = Debug|Any CPU
		{FE2749CF-6EE9-412C-AF57-9ADBAB4A6E5C}.Debug|Any CPU.Build.0 = Debug|Any CPU
		{FE2749CF-6EE9-412C-AF57-9ADBAB4A6E5C}.Release|Any CPU.ActiveCfg = Release|Any CPU
		{FE2749CF-6EE9-412C-AF57-9ADBAB4A6E5C}.Release|Any CPU.Build.0 = Release|Any CPU
	EndGlobalSection
	GlobalSection(SolutionProperties) = preSolution
		HideSolutionNode = FALSE
	EndGlobalSection
	GlobalSection(NestedProjects) = preSolution
		{E8FE02C3-1EB7-4A53-A1AC-F9287BBB9E55} = {6BCE8110-32B4-47A1-9DBA-013C24DC37F4}
		{132217A9-1762-4620-9F05-0EAA361AF980} = {FFE57863-4EDD-4D32-9693-D09C932A2E4F}
		{35E82DFD-3CEF-4A98-9FC0-57BCF6622212} = {6BCE8110-32B4-47A1-9DBA-013C24DC37F4}
		{7231A927-71BA-41BE-B8B2-678691F9265B} = {FFE57863-4EDD-4D32-9693-D09C932A2E4F}
		{B4E96048-1EFA-443C-96C5-8A9EB1614380} = {6BCE8110-32B4-47A1-9DBA-013C24DC37F4}
		{6A7FC3D2-8F6C-4CD2-91B1-BD75BE26416F} = {5BD32F40-76C1-4582-BED9-9FBF112F93B1}
		{50408131-5AAF-4F20-A926-EAA203C8CD59} = {8C1464B9-4AC9-4105-B543-776693CF468C}
		{2AFC8F09-C2B2-4FD1-BF73-205BF14ECBCE} = {FFE57863-4EDD-4D32-9693-D09C932A2E4F}
		{FE2749CF-6EE9-412C-AF57-9ADBAB4A6E5C} = {FFE57863-4EDD-4D32-9693-D09C932A2E4F}
	EndGlobalSection
	GlobalSection(ExtensibilityGlobals) = postSolution
		SolutionGuid = {B500DC1C-11D7-49B9-8D3E-0F7D7C7429B8}
	EndGlobalSection
EndGlobal
